Microsoft Visual Studio Solution File, Format Version 8.00
Project("{8BC9CEB8-8B4A-11D0-8D11-00A0C91BC942}") = "ListWnd", "Stamina\ListWnd\ListWnd.vcproj", "{CADBE363-6DE3-40B2-8B69-EE588F0F4BD7}"
	ProjectSection(ProjectDependencies) = postProject
	EndProjectSection
EndProject
Project("{8BC9CEB8-8B4A-11D0-8D11-00A0C91BC942}") = "Stamina", "stamina\stamina.vcproj", "{6618EFD8-F083-4DC2-B02A-F7A3E2990131}"
	ProjectSection(ProjectDependencies) = postProject
	EndProjectSection
EndProject
Project("{8BC9CEB8-8B4A-11D0-8D11-00A0C91BC942}") = "DataTable", "Stamina\DataTable\DataTable.vcproj", "{963F7D67-4856-4169-BAAA-0DBAD9695D20}"
	ProjectSection(ProjectDependencies) = postProject
	EndProjectSection
EndProject
Project("{8BC9CEB8-8B4A-11D0-8D11-00A0C91BC942}") = "Memory", "Stamina\Memory\Memory.vcproj", "{75FC2514-4ADD-4F71-8140-BA0584C52AD3}"
	ProjectSection(ProjectDependencies) = postProject
	EndProjectSection
EndProject
Project("{8BC9CEB8-8B4A-11D0-8D11-00A0C91BC942}") = "_TestSuite", "Stamina\TestSuite\TestSuite.vcproj", "{A5F59E21-1BA9-4660-A9B7-0C1349C6D494}"
	ProjectSection(ProjectDependencies) = postProject
	EndProjectSection
EndProject
Project("{8BC9CEB8-8B4A-11D0-8D11-00A0C91BC942}") = "Stamina - UI", "Stamina\UI\Stamina_UI.vcproj", "{963F7D67-4856-4169-BAAA-0DBAD9695D20}"
	ProjectSection(ProjectDependencies) = postProject
	EndProjectSection
EndProject
Global
	GlobalSection(SolutionConfiguration) = preSolution
		Debug = Debug
		Debug_scrt = Debug_scrt
		Release = Release
		Release_scrt = Release_scrt
	EndGlobalSection
	GlobalSection(ProjectConfiguration) = postSolution
		{CADBE363-6DE3-40B2-8B69-EE588F0F4BD7}.Debug.ActiveCfg = Debug|Win32
		{CADBE363-6DE3-40B2-8B69-EE588F0F4BD7}.Debug.Build.0 = Debug|Win32
		{CADBE363-6DE3-40B2-8B69-EE588F0F4BD7}.Debug_scrt.ActiveCfg = Debug_scrt|Win32
		{CADBE363-6DE3-40B2-8B69-EE588F0F4BD7}.Debug_scrt.Build.0 = Debug_scrt|Win32
		{CADBE363-6DE3-40B2-8B69-EE588F0F4BD7}.Release.ActiveCfg = Release|Win32
		{CADBE363-6DE3-40B2-8B69-EE588F0F4BD7}.Release.Build.0 = Release|Win32
		{CADBE363-6DE3-40B2-8B69-EE588F0F4BD7}.Release_scrt.ActiveCfg = Release_scrt|Win32
		{CADBE363-6DE3-40B2-8B69-EE588F0F4BD7}.Release_scrt.Build.0 = Release_scrt|Win32
		{6618EFD8-F083-4DC2-B02A-F7A3E2990131}.Debug.ActiveCfg = Debug|Win32
		{6618EFD8-F083-4DC2-B02A-F7A3E2990131}.Debug.Build.0 = Debug|Win32
		{6618EFD8-F083-4DC2-B02A-F7A3E2990131}.Debug_scrt.ActiveCfg = Debug_scrt|Win32
		{6618EFD8-F083-4DC2-B02A-F7A3E2990131}.Debug_scrt.Build.0 = Debug_scrt|Win32
		{6618EFD8-F083-4DC2-B02A-F7A3E2990131}.Release.ActiveCfg = Release|Win32
		{6618EFD8-F083-4DC2-B02A-F7A3E2990131}.Release.Build.0 = Release|Win32
		{6618EFD8-F083-4DC2-B02A-F7A3E2990131}.Release_scrt.ActiveCfg = Release_scrt|Win32
		{6618EFD8-F083-4DC2-B02A-F7A3E2990131}.Release_scrt.Build.0 = Release_scrt|Win32
		{963F7D67-4856-4169-BAAA-0DBAD9695D20}.Debug.ActiveCfg = Debug|Win32
		{963F7D67-4856-4169-BAAA-0DBAD9695D20}.Debug.Build.0 = Debug|Win32
		{963F7D67-4856-4169-BAAA-0DBAD9695D20}.Debug_scrt.ActiveCfg = Debug|Win32
		{963F7D67-4856-4169-BAAA-0DBAD9695D20}.Debug_scrt.Build.0 = Debug|Win32
		{963F7D67-4856-4169-BAAA-0DBAD9695D20}.Release.ActiveCfg = Release|Win32
		{963F7D67-4856-4169-BAAA-0DBAD9695D20}.Release.Build.0 = Release|Win32
		{963F7D67-4856-4169-BAAA-0DBAD9695D20}.Release_scrt.ActiveCfg = Release|Win32
		{963F7D67-4856-4169-BAAA-0DBAD9695D20}.Release_scrt.Build.0 = Release|Win32
		{75FC2514-4ADD-4F71-8140-BA0584C52AD3}.Debug.ActiveCfg = Debug|Win32
		{75FC2514-4ADD-4F71-8140-BA0584C52AD3}.Debug.Build.0 = Debug|Win32
		{75FC2514-4ADD-4F71-8140-BA0584C52AD3}.Debug_scrt.ActiveCfg = Debug|Win32
		{75FC2514-4ADD-4F71-8140-BA0584C52AD3}.Debug_scrt.Build.0 = Debug|Win32
		{75FC2514-4ADD-4F71-8140-BA0584C52AD3}.Release.ActiveCfg = Release|Win32
		{75FC2514-4ADD-4F71-8140-BA0584C52AD3}.Release.Build.0 = Release|Win32
		{75FC2514-4ADD-4F71-8140-BA0584C52AD3}.Release_scrt.ActiveCfg = Release|Win32
		{75FC2514-4ADD-4F71-8140-BA0584C52AD3}.Release_scrt.Build.0 = Release|Win32
		{A5F59E21-1BA9-4660-A9B7-0C1349C6D494}.Debug.ActiveCfg = Debug|Win32
		{A5F59E21-1BA9-4660-A9B7-0C1349C6D494}.Debug.Build.0 = Debug|Win32
		{A5F59E21-1BA9-4660-A9B7-0C1349C6D494}.Debug_scrt.ActiveCfg = Debug|Win32
		{A5F59E21-1BA9-4660-A9B7-0C1349C6D494}.Debug_scrt.Build.0 = Debug|Win32
		{A5F59E21-1BA9-4660-A9B7-0C1349C6D494}.Release.ActiveCfg = Release|Win32
		{A5F59E21-1BA9-4660-A9B7-0C1349C6D494}.Release.Build.0 = Release|Win32
		{A5F59E21-1BA9-4660-A9B7-0C1349C6D494}.Release_scrt.ActiveCfg = Release|Win32
		{A5F59E21-1BA9-4660-A9B7-0C1349C6D494}.Release_scrt.Build.0 = Release|Win32
		{963F7D67-4856-4169-BAAA-0DBAD9695D20}.Debug.ActiveCfg = Debug|Win32
		{963F7D67-4856-4169-BAAA-0DBAD9695D20}.Debug.Build.0 = Debug|Win32
		{963F7D67-4856-4169-BAAA-0DBAD9695D20}.Debug_scrt.ActiveCfg = Debug|Win32
		{963F7D67-4856-4169-BAAA-0DBAD9695D20}.Debug_scrt.Build.0 = Debug|Win32
		{963F7D67-4856-4169-BAAA-0DBAD9695D20}.Release.ActiveCfg = Release|Win32
		{963F7D67-4856-4169-BAAA-0DBAD9695D20}.Release.Build.0 = Release|Win32
		{963F7D67-4856-4169-BAAA-0DBAD9695D20}.Release_scrt.ActiveCfg = Release|Win32
		{963F7D67-4856-4169-BAAA-0DBAD9695D20}.Release_scrt.Build.0 = Release|Win32
	EndGlobalSection
	GlobalSection(SolutionItems) = postSolution
		license.txt = license.txt
		ListWnd.vsd = ListWnd.vsd
	EndGlobalSection
	GlobalSection(ExtensibilityGlobals) = postSolution
	EndGlobalSection
	GlobalSection(ExtensibilityAddIns) = postSolution
	EndGlobalSection
EndGlobal
